{
  "lockfile_version": "1",
  "packages": {
    "SDL2@2.30.4": {
      "last_modified": "2024-07-07T07:43:47Z",
      "resolved": "github:NixOS/nixpkgs/b60793b86201040d9dee019a05089a9150d08b5b#SDL2",
      "source": "devbox-search",
      "version": "2.30.4",
      "systems": {
        "aarch64-darwin": {
          "outputs": [
            {
              "name": "out",
              "path": "/nix/store/bzvfhkkn7kndh7rpn2lzg2sjxy561837-SDL2-2.30.4",
              "default": true
            },
            {
              "name": "dev",
              "path": "/nix/store/3nr8lzsarnypi1rp02s698dasss8ndzi-SDL2-2.30.4-dev"
            }
          ],
          "store_path": "/nix/store/bzvfhkkn7kndh7rpn2lzg2sjxy561837-SDL2-2.30.4"
        },
        "aarch64-linux": {
          "outputs": [
            {
              "name": "out",
              "path": "/nix/store/9vhb2mrbhh8bhsyz54wqdd10l157lxg6-SDL2-2.30.4",
              "default": true
            },
            {
              "name": "dev",
              "path": "/nix/store/zlzrsygaxkzrgkhkx4y3ds8j561i3pja-SDL2-2.30.4-dev"
            }
          ],
          "store_path": "/nix/store/9vhb2mrbhh8bhsyz54wqdd10l157lxg6-SDL2-2.30.4"
        },
        "x86_64-darwin": {
          "outputs": [
            {
              "name": "out",
              "path": "/nix/store/hhd9pk7xq866qx792g4qlnviyjqj9di5-SDL2-2.30.4",
              "default": true
            },
            {
              "name": "dev",
              "path": "/nix/store/jv3ljqz16l18d0mln9kv8ll679gc6hhp-SDL2-2.30.4-dev"
            }
          ],
          "store_path": "/nix/store/hhd9pk7xq866qx792g4qlnviyjqj9di5-SDL2-2.30.4"
        },
        "x86_64-linux": {
          "outputs": [
            {
              "name": "out",
              "path": "/nix/store/3srgiw240y8517yhjmpf9454alnbid4d-SDL2-2.30.4",
              "default": true
            },
            {
              "name": "dev",
              "path": "/nix/store/arszgqa52qjp3bqpnqkbhnvlzacl5wlv-SDL2-2.30.4-dev"
            }
          ],
          "store_path": "/nix/store/3srgiw240y8517yhjmpf9454alnbid4d-SDL2-2.30.4"
        }
      }
    },
    "SDL2_gfx@1.0.4": {
      "last_modified": "2024-06-12T20:55:33Z",
      "resolved": "github:NixOS/nixpkgs/a9858885e197f984d92d7fe64e9fff6b2e488d40#SDL2_gfx",
      "source": "devbox-search",
      "version": "1.0.4",
      "systems": {
        "aarch64-darwin": {
          "outputs": [
            {
              "name": "out",
              "path": "/nix/store/7a2fnn0a3bkmyysindn9fi3wn3nyzbpc-SDL2_gfx-1.0.4",
              "default": true
            },
            {
              "name": "dev",
              "path": "/nix/store/zny95c4gl0iprx5h9gwx6kh5cdnfbblf-SDL2_gfx-1.0.4-dev"
            }
          ],
          "store_path": "/nix/store/7a2fnn0a3bkmyysindn9fi3wn3nyzbpc-SDL2_gfx-1.0.4"
        },
        "aarch64-linux": {
          "outputs": [
            {
              "name": "out",
              "path": "/nix/store/wdqm4hjlxcpc4a7y734lvh4wkziwywy1-SDL2_gfx-1.0.4",
              "default": true
            },
            {
              "name": "dev",
              "path": "/nix/store/72178zy20xjwlhq3si2pv4skvg057q6s-SDL2_gfx-1.0.4-dev"
            }
          ],
          "store_path": "/nix/store/wdqm4hjlxcpc4a7y734lvh4wkziwywy1-SDL2_gfx-1.0.4"
        },
        "x86_64-darwin": {
          "outputs": [
            {
              "name": "out",
              "path": "/nix/store/lfibd0czw0ygysd7cw4nq8y86z000y4p-SDL2_gfx-1.0.4",
              "default": true
            },
            {
              "name": "dev",
              "path": "/nix/store/ncy0bqkv1g3ddhdaqq664rd6yf7xplj2-SDL2_gfx-1.0.4-dev"
            }
          ],
          "store_path": "/nix/store/lfibd0czw0ygysd7cw4nq8y86z000y4p-SDL2_gfx-1.0.4"
        },
        "x86_64-linux": {
          "outputs": [
            {
              "name": "out",
              "path": "/nix/store/mqa9xx334xfwjk4pziia7yzlbj5d2252-SDL2_gfx-1.0.4",
              "default": true
            },
            {
              "name": "dev",
              "path": "/nix/store/l5cgym9r3ljdi3aacv9ndl39sny7fpnw-SDL2_gfx-1.0.4-dev"
            }
          ],
          "store_path": "/nix/store/mqa9xx334xfwjk4pziia7yzlbj5d2252-SDL2_gfx-1.0.4"
        }
      }
    },
    "SDL2_image@2.8.2": {
      "last_modified": "2024-07-14T11:03:58Z",
      "resolved": "github:NixOS/nixpkgs/aa247c0c90ecf4ae7a032c54fdc21b91ca274062#SDL2_image",
      "source": "devbox-search",
      "version": "2.8.2",
      "systems": {
        "aarch64-darwin": {
          "outputs": [
            {
              "name": "out",
              "path": "/nix/store/4p5mqqchzdya96wpmf9qn2iswk7gq4h7-SDL2_image-2.8.2",
              "default": true
            }
          ],
          "store_path": "/nix/store/4p5mqqchzdya96wpmf9qn2iswk7gq4h7-SDL2_image-2.8.2"
        },
        "aarch64-linux": {
          "outputs": [
            {
              "name": "out",
              "path": "/nix/store/xhr66f30vac1aqw39ybkgqnd6masmcca-SDL2_image-2.8.2",
              "default": true
            }
          ],
          "store_path": "/nix/store/xhr66f30vac1aqw39ybkgqnd6masmcca-SDL2_image-2.8.2"
        },
        "x86_64-darwin": {
          "outputs": [
            {
              "name": "out",
              "path": "/nix/store/kdbjb0rcz8qqy4g6fqn4c3c1x0w0v1lp-SDL2_image-2.8.2",
              "default": true
            }
          ],
          "store_path": "/nix/store/kdbjb0rcz8qqy4g6fqn4c3c1x0w0v1lp-SDL2_image-2.8.2"
        },
        "x86_64-linux": {
          "outputs": [
            {
              "name": "out",
              "path": "/nix/store/gy2b7d2j564g0y5mcgdii03kxpk06rp5-SDL2_image-2.8.2",
              "default": true
            }
          ],
          "store_path": "/nix/store/gy2b7d2j564g0y5mcgdii03kxpk06rp5-SDL2_image-2.8.2"
        }
      }
    },
    "SDL2_ttf@2.22.0": {
      "last_modified": "2024-06-12T20:55:33Z",
      "resolved": "github:NixOS/nixpkgs/a9858885e197f984d92d7fe64e9fff6b2e488d40#SDL2_ttf",
      "source": "devbox-search",
      "version": "2.22.0",
      "systems": {
        "aarch64-darwin": {
          "outputs": [
            {
              "name": "out",
              "path": "/nix/store/j4yibd3fha9q4gxmrdxzy0hhya9q5j51-SDL2_ttf-2.22.0",
              "default": true
            }
          ],
          "store_path": "/nix/store/j4yibd3fha9q4gxmrdxzy0hhya9q5j51-SDL2_ttf-2.22.0"
        },
        "aarch64-linux": {
          "outputs": [
            {
              "name": "out",
              "path": "/nix/store/wkjz2j8gi743pz8wh3frxli46q4wy9yl-SDL2_ttf-2.22.0",
              "default": true
            }
          ],
          "store_path": "/nix/store/wkjz2j8gi743pz8wh3frxli46q4wy9yl-SDL2_ttf-2.22.0"
        },
        "x86_64-darwin": {
          "outputs": [
            {
              "name": "out",
              "path": "/nix/store/qignfgkk2w74l9sj0y8gpbfglxqffbhl-SDL2_ttf-2.22.0",
              "default": true
            }
          ],
          "store_path": "/nix/store/qignfgkk2w74l9sj0y8gpbfglxqffbhl-SDL2_ttf-2.22.0"
        },
        "x86_64-linux": {
          "outputs": [
            {
              "name": "out",
              "path": "/nix/store/n52asici774chzq897pzdbxfb78myf3d-SDL2_ttf-2.22.0",
              "default": true
            }
          ],
          "store_path": "/nix/store/n52asici774chzq897pzdbxfb78myf3d-SDL2_ttf-2.22.0"
        }
      }
    },
    "emscripten@3.1.64": {
      "last_modified": "2024-07-28T04:39:20Z",
      "resolved": "github:NixOS/nixpkgs/038fb464fcfa79b4f08131b07f2d8c9a6bcc4160#emscripten",
      "source": "devbox-search",
      "version": "3.1.64",
      "systems": {
        "aarch64-darwin": {
          "outputs": [
            {
              "name": "out",
              "path": "/nix/store/7pszf9vqa4ikkdd17qbxn6kifkkad2fj-emscripten-3.1.64",
              "default": true
            }
          ],
          "store_path": "/nix/store/7pszf9vqa4ikkdd17qbxn6kifkkad2fj-emscripten-3.1.64"
        },
        "aarch64-linux": {
          "outputs": [
            {
              "name": "out",
              "path": "/nix/store/2py2lvry3h2q3ihqkd8wak2r0b26jbmv-emscripten-3.1.64",
              "default": true
            }
          ],
          "store_path": "/nix/store/2py2lvry3h2q3ihqkd8wak2r0b26jbmv-emscripten-3.1.64"
        },
        "x86_64-darwin": {
          "outputs": [
            {
              "name": "out",
              "path": "/nix/store/w4l5jz3kmgwzzkdldrsmiii6n26as3yb-emscripten-3.1.64",
              "default": true
            }
          ],
          "store_path": "/nix/store/w4l5jz3kmgwzzkdldrsmiii6n26as3yb-emscripten-3.1.64"
        },
        "x86_64-linux": {
          "outputs": [
            {
              "name": "out",
              "path": "/nix/store/8c1hdx9if3c6dp3vxq3k3m050y8ay1ck-emscripten-3.1.64",
              "default": true
            }
          ],
          "store_path": "/nix/store/8c1hdx9if3c6dp3vxq3k3m050y8ay1ck-emscripten-3.1.64"
        }
      }
    },
    "nim@2.0.4": {
      "last_modified": "2024-06-12T20:55:33Z",
      "resolved": "github:NixOS/nixpkgs/a9858885e197f984d92d7fe64e9fff6b2e488d40#nim",
      "source": "devbox-search",
      "version": "2.0.4",
      "systems": {
        "aarch64-darwin": {
          "outputs": [
            {
              "name": "out",
              "path": "/nix/store/hxdk4s1jb97w7m0jpq9n0c6d3qf5fx12-aarch64-apple-darwin-nim-wrapper-2.0.4",
              "default": true
            }
          ],
          "store_path": "/nix/store/hxdk4s1jb97w7m0jpq9n0c6d3qf5fx12-aarch64-apple-darwin-nim-wrapper-2.0.4"
        },
        "aarch64-linux": {
          "outputs": [
            {
              "name": "out",
              "path": "/nix/store/8pzvpyl643dwwfaxskmjvwx4c35fbl2g-aarch64-unknown-linux-gnu-nim-wrapper-2.0.4",
              "default": true
            }
          ],
          "store_path": "/nix/store/8pzvpyl643dwwfaxskmjvwx4c35fbl2g-aarch64-unknown-linux-gnu-nim-wrapper-2.0.4"
        },
        "x86_64-darwin": {
          "outputs": [
            {
              "name": "out",
              "path": "/nix/store/x7v74jx9rv52scnyxiimh72fw8cyd6jm-x86_64-apple-darwin-nim-wrapper-2.0.4",
              "default": true
            }
          ],
          "store_path": "/nix/store/x7v74jx9rv52scnyxiimh72fw8cyd6jm-x86_64-apple-darwin-nim-wrapper-2.0.4"
        },
        "x86_64-linux": {
          "outputs": [
            {
              "name": "out",
              "path": "/nix/store/7c332ssdp9zvgrybb62k21i4ir9hsz5p-x86_64-unknown-linux-gnu-nim-wrapper-2.0.4",
              "default": true
            }
          ],
          "store_path": "/nix/store/7c332ssdp9zvgrybb62k21i4ir9hsz5p-x86_64-unknown-linux-gnu-nim-wrapper-2.0.4"
        }
      }
    },
    "nimble@0.14.2": {
      "last_modified": "2024-05-22T06:18:38Z",
      "resolved": "github:NixOS/nixpkgs/3f316d2a50699a78afe5e77ca486ad553169061e#nimble",
      "source": "devbox-search",
      "version": "0.14.2",
      "systems": {
        "aarch64-darwin": {
          "outputs": [
            {
              "name": "out",
              "path": "/nix/store/9i709ipp53hx64fpl7zsyba5mbnj1ph7-nimble-0.14.2",
              "default": true
            }
          ],
          "store_path": "/nix/store/9i709ipp53hx64fpl7zsyba5mbnj1ph7-nimble-0.14.2"
        },
        "aarch64-linux": {
          "outputs": [
            {
              "name": "out",
              "path": "/nix/store/5z73n6rqi605n1vjkynx8i5bklc72s2j-nimble-0.14.2",
              "default": true
            }
          ],
          "store_path": "/nix/store/5z73n6rqi605n1vjkynx8i5bklc72s2j-nimble-0.14.2"
        },
        "x86_64-darwin": {
          "outputs": [
            {
              "name": "out",
              "path": "/nix/store/qx45hm8vyh9if4mh7pcm8n64q22rz094-nimble-0.14.2",
              "default": true
            }
          ],
          "store_path": "/nix/store/qx45hm8vyh9if4mh7pcm8n64q22rz094-nimble-0.14.2"
        },
        "x86_64-linux": {
          "outputs": [
            {
              "name": "out",
              "path": "/nix/store/q5i99p78fhyb2dyw1virds9jjd2f4qh6-nimble-0.14.2",
              "default": true
            }
          ],
          "store_path": "/nix/store/q5i99p78fhyb2dyw1virds9jjd2f4qh6-nimble-0.14.2"
        }
      }
    },
    "python@3.12.4": {
      "last_modified": "2024-07-07T07:43:47Z",
      "plugin_version": "0.0.3",
      "resolved": "github:NixOS/nixpkgs/b60793b86201040d9dee019a05089a9150d08b5b#python3",
      "source": "devbox-search",
      "version": "3.12.4",
      "systems": {
        "aarch64-darwin": {
          "outputs": [
            {
              "name": "out",
              "path": "/nix/store/3swy1vadi125g0c1vxqp8ykdr749803j-python3-3.12.4",
              "default": true
            }
          ],
          "store_path": "/nix/store/3swy1vadi125g0c1vxqp8ykdr749803j-python3-3.12.4"
        },
        "aarch64-linux": {
          "outputs": [
            {
              "name": "out",
              "path": "/nix/store/sz2facg15yq3ziqkidb1dkkglwzkkg8a-python3-3.12.4",
              "default": true
            },
            {
              "name": "debug",
              "path": "/nix/store/19vjjqg7jbfblqapf63nm9ich1xdq9dx-python3-3.12.4-debug"
            }
          ],
          "store_path": "/nix/store/sz2facg15yq3ziqkidb1dkkglwzkkg8a-python3-3.12.4"
        },
        "x86_64-darwin": {
          "outputs": [
            {
              "name": "out",
              "path": "/nix/store/3y5wy1i9nq5293knm23mxsj5l6w41h2l-python3-3.12.4",
              "default": true
            }
          ],
          "store_path": "/nix/store/3y5wy1i9nq5293knm23mxsj5l6w41h2l-python3-3.12.4"
        },
        "x86_64-linux": {
          "outputs": [
            {
              "name": "out",
              "path": "/nix/store/z7xxy35k7620hs6fn6la5fg2lgklv72l-python3-3.12.4",
              "default": true
            },
            {
              "name": "debug",
              "path": "/nix/store/3x6jqv5yw212v8rlwql88cn94dginq32-python3-3.12.4-debug"
            }
          ],
          "store_path": "/nix/store/z7xxy35k7620hs6fn6la5fg2lgklv72l-python3-3.12.4"
        }
      }
    }
  }
}
